
Microsoft Visual Studio Solution File, Format Version 12.00
# Visual Studio 14
VisualStudioVersion = 14.0.25420.1
MinimumVisualStudioVersion = 10.0.40219.1
Project("{FAE04EC0-301F-11D3-BF4B-00C04F79EFBC}") = "1.QLPB_HL", "QLPB_HL\1.QLPB_HL.csproj", "{3D74363F-C0F8-4756-8EE1-E66C4D98D911}"
EndProject
Project("{FAE04EC0-301F-11D3-BF4B-00C04F79EFBC}") = "3.Model", "Model\3.Model.csproj", "{EC77DE32-B955-453A-9818-D6A9E8BD8D23}"
EndProject
Project("{FAE04EC0-301F-11D3-BF4B-00C04F79EFBC}") = "2.Service", "Service\2.Service.csproj", "{E43BFD95-C34F-469B-AFBD-6666E0E922CC}"
EndProject
Project("{FAE04EC0-301F-11D3-BF4B-00C04F79EFBC}") = "4.Helper", "4.Helper\4.Helper.csproj", "{635FE390-7776-4012-ADCA-87FFF09455B8}"
EndProject
Global
	GlobalSection(SolutionConfigurationPlatforms) = preSolution
		Debug|Any CPU = Debug|Any CPU
		Release|Any CPU = Release|Any CPU
	EndGlobalSection
	GlobalSection(ProjectConfigurationPlatforms) = postSolution
		{3D74363F-C0F8-4756-8EE1-E66C4D98D911}.Debug|Any CPU.ActiveCfg = Debug|Any CPU
		{3D74363F-C0F8-4756-8EE1-E66C4D98D911}.Debug|Any CPU.Build.0 = Debug|Any CPU
		{3D74363F-C0F8-4756-8EE1-E66C4D98D911}.Release|Any CPU.ActiveCfg = Release|Any CPU
		{3D74363F-C0F8-4756-8EE1-E66C4D98D911}.Release|Any CPU.Build.0 = Release|Any CPU
		{EC77DE32-B955-453A-9818-D6A9E8BD8D23}.Debug|Any CPU.ActiveCfg = Debug|Any CPU
		{EC77DE32-B955-453A-9818-D6A9E8BD8D23}.Debug|Any CPU.Build.0 = Debug|Any CPU
		{EC77DE32-B955-453A-9818-D6A9E8BD8D23}.Release|Any CPU.ActiveCfg = Release|Any CPU
		{EC77DE32-B955-453A-9818-D6A9E8BD8D23}.Release|Any CPU.Build.0 = Release|Any CPU
		{E43BFD95-C34F-469B-AFBD-6666E0E922CC}.Debug|Any CPU.ActiveCfg = Debug|Any CPU
		{E43BFD95-C34F-469B-AFBD-6666E0E922CC}.Debug|Any CPU.Build.0 = Debug|Any CPU
		{E43BFD95-C34F-469B-AFBD-6666E0E922CC}.Release|Any CPU.ActiveCfg = Release|Any CPU
		{E43BFD95-C34F-469B-AFBD-6666E0E922CC}.Release|Any CPU.Build.0 = Release|Any CPU
		{635FE390-7776-4012-ADCA-87FFF09455B8}.Debug|Any CPU.ActiveCfg = Debug|Any CPU
		{635FE390-7776-4012-ADCA-87FFF09455B8}.Debug|Any CPU.Build.0 = Debug|Any CPU
		{635FE390-7776-4012-ADCA-87FFF09455B8}.Release|Any CPU.ActiveCfg = Release|Any CPU
		{635FE390-7776-4012-ADCA-87FFF09455B8}.Release|Any CPU.Build.0 = Release|Any CPU
	EndGlobalSection
	GlobalSection(SolutionProperties) = preSolution
		HideSolutionNode = FALSE
	EndGlobalSection
EndGlobal
